
Microsoft Visual Studio Solution File, Format Version 12.00
# Visual Studio 15
Project("{FAE04EC0-301F-11D3-BF4B-00C04F79EFBC}") = "SamagnaSagamBVProj", "SamagnaSagamBVProj\SamagnaSagamBVProj.csproj", "{E6A6EE2B-B01E-42AB-84D2-071D7DD0F0C0}"
EndProject
Project("{FAE04EC0-301F-11D3-BF4B-00C04F79EFBC}") = "SamagnaSagamBVProjTests", "SamagnaSagamBVProjTests\SamagnaSagamBVProjTests.csproj", "{46670DD3-911D-414A-A483-D7EB6E809D6F}"
EndProject
Global
	GlobalSection(SolutionConfigurationPlatforms) = preSolution
		Debug|Any CPU = Debug|Any CPU
		Release|Any CPU = Release|Any CPU
	EndGlobalSection
	GlobalSection(ProjectConfigurationPlatforms) = postSolution
		{E6A6EE2B-B01E-42AB-84D2-071D7DD0F0C0}.Debug|Any CPU.ActiveCfg = Debug|Any CPU
		{E6A6EE2B-B01E-42AB-84D2-071D7DD0F0C0}.Debug|Any CPU.Build.0 = Debug|Any CPU
		{E6A6EE2B-B01E-42AB-84D2-071D7DD0F0C0}.Release|Any CPU.ActiveCfg = Release|Any CPU
		{E6A6EE2B-B01E-42AB-84D2-071D7DD0F0C0}.Release|Any CPU.Build.0 = Release|Any CPU
		{46670DD3-911D-414A-A483-D7EB6E809D6F}.Debug|Any CPU.ActiveCfg = Debug|Any CPU
		{46670DD3-911D-414A-A483-D7EB6E809D6F}.Debug|Any CPU.Build.0 = Debug|Any CPU
		{46670DD3-911D-414A-A483-D7EB6E809D6F}.Release|Any CPU.ActiveCfg = Release|Any CPU
		{46670DD3-911D-414A-A483-D7EB6E809D6F}.Release|Any CPU.Build.0 = Release|Any CPU
	EndGlobalSection
EndGlobal
